
Microsoft Visual Studio Solution File, Format Version 12.00
# Visual Studio 15
VisualStudioVersion = 15.0.26730.16
MinimumVisualStudioVersion = 10.0.40219.1
Project("{FAE04EC0-301F-11D3-BF4B-00C04F79EFBC}") = "ConsoleApp1", "ConsoleApp1\ConsoleApp1.csproj", "{EB241EEA-E785-4AC7-A7F8-B02A1D911B92}"
EndProject
Global
	GlobalSection(SolutionConfigurationPlatforms) = preSolution
		Debug|Any CPU = Debug|Any CPU
		Release|Any CPU = Release|Any CPU
	EndGlobalSection
	GlobalSection(ProjectConfigurationPlatforms) = postSolution
		{EB241EEA-E785-4AC7-A7F8-B02A1D911B92}.Debug|Any CPU.ActiveCfg = Debug|Any CPU
		{EB241EEA-E785-4AC7-A7F8-B02A1D911B92}.Debug|Any CPU.Build.0 = Debug|Any CPU
		{EB241EEA-E785-4AC7-A7F8-B02A1D911B92}.Release|Any CPU.ActiveCfg = Release|Any CPU
		{EB241EEA-E785-4AC7-A7F8-B02A1D911B92}.Release|Any CPU.Build.0 = Release|Any CPU
	EndGlobalSection
	GlobalSection(SolutionProperties) = preSolution
		HideSolutionNode = FALSE
	EndGlobalSection
	GlobalSection(ExtensibilityGlobals) = postSolution
		SolutionGuid = {37F12577-CBC4-4252-996F-60BC30E6D467}
	EndGlobalSection
EndGlobal
